
Microsoft Visual Studio Solution File, Format Version 12.00
# Visual Studio 14
VisualStudioVersion = 14.0.24720.0
MinimumVisualStudioVersion = 10.0.40219.1
Project("{FAE04EC0-301F-11D3-BF4B-00C04F79EFBC}") = "CustomVisualTemplate", "CustomVisualTemplate\CustomVisualTemplate.csproj", "{580641CB-BAC9-4D43-BD0B-E08C31413C6A}"
EndProject
Project("{FAE04EC0-301F-11D3-BF4B-00C04F79EFBC}") = "ICustomVisualTemplate", "ICustomVisualTemplate\ICustomVisualTemplate.csproj", "{B2353FB4-F82B-44A9-8981-751B55FD2029}"
EndProject
Global
	GlobalSection(SolutionConfigurationPlatforms) = preSolution
		Debug|Any CPU = Debug|Any CPU
		Release|Any CPU = Release|Any CPU
	EndGlobalSection
	GlobalSection(ProjectConfigurationPlatforms) = postSolution
		{580641CB-BAC9-4D43-BD0B-E08C31413C6A}.Debug|Any CPU.ActiveCfg = Debug|Any CPU
		{580641CB-BAC9-4D43-BD0B-E08C31413C6A}.Debug|Any CPU.Build.0 = Debug|Any CPU
		{580641CB-BAC9-4D43-BD0B-E08C31413C6A}.Release|Any CPU.ActiveCfg = Release|Any CPU
		{580641CB-BAC9-4D43-BD0B-E08C31413C6A}.Release|Any CPU.Build.0 = Release|Any CPU
		{B2353FB4-F82B-44A9-8981-751B55FD2029}.Debug|Any CPU.ActiveCfg = Debug|Any CPU
		{B2353FB4-F82B-44A9-8981-751B55FD2029}.Debug|Any CPU.Build.0 = Debug|Any CPU
		{B2353FB4-F82B-44A9-8981-751B55FD2029}.Release|Any CPU.ActiveCfg = Release|Any CPU
		{B2353FB4-F82B-44A9-8981-751B55FD2029}.Release|Any CPU.Build.0 = Release|Any CPU
	EndGlobalSection
	GlobalSection(SolutionProperties) = preSolution
		HideSolutionNode = FALSE
	EndGlobalSection
EndGlobal
