
Microsoft Visual Studio Solution File, Format Version 12.00
# Visual Studio 14
VisualStudioVersion = 14.0.24720.0
MinimumVisualStudioVersion = 10.0.40219.1
Project("{E24C65DC-7377-472B-9ABA-BC803B73C61A}") = "PowerBI", "Clients\PowerBI\", "{128051AF-7A0C-45B1-90CF-D576FB369ADF}"
	ProjectSection(WebsiteProperties) = preProject
		TargetFrameworkMoniker = ".NETFramework,Version%3Dv4.0"
		Debug.AspNetCompiler.VirtualPath = "/localhost_53992"
		Debug.AspNetCompiler.PhysicalPath = "Clients\PowerBI\"
		Debug.AspNetCompiler.TargetPath = "PrecompiledWeb\localhost_53992\"
		Debug.AspNetCompiler.Updateable = "true"
		Debug.AspNetCompiler.ForceOverwrite = "true"
		Debug.AspNetCompiler.FixedNames = "false"
		Debug.AspNetCompiler.Debug = "True"
		Release.AspNetCompiler.VirtualPath = "/localhost_53992"
		Release.AspNetCompiler.PhysicalPath = "Clients\PowerBI\"
		Release.AspNetCompiler.TargetPath = "PrecompiledWeb\localhost_53992\"
		Release.AspNetCompiler.Updateable = "true"
		Release.AspNetCompiler.ForceOverwrite = "true"
		Release.AspNetCompiler.FixedNames = "false"
		Release.AspNetCompiler.Debug = "False"
		VWDPort = "53992"
		SlnRelativePath = "Clients\PowerBI\"
		StartServerOnDebug = "false"
	EndProjectSection
EndProject
Project("{E24C65DC-7377-472B-9ABA-BC803B73C61A}") = "PowerBIVisualsTests", "Clients\PowerBIVisualsTests\", "{490084C9-7E2A-457B-B888-37E4740834A3}"
	ProjectSection(WebsiteProperties) = preProject
		TargetFrameworkMoniker = ".NETFramework,Version%3Dv4.0"
		Debug.AspNetCompiler.VirtualPath = "/localhost_53997"
		Debug.AspNetCompiler.PhysicalPath = "Clients\PowerBIVisualsTests\"
		Debug.AspNetCompiler.TargetPath = "PrecompiledWeb\localhost_53997\"
		Debug.AspNetCompiler.Updateable = "true"
		Debug.AspNetCompiler.ForceOverwrite = "true"
		Debug.AspNetCompiler.FixedNames = "false"
		Debug.AspNetCompiler.Debug = "True"
		Release.AspNetCompiler.VirtualPath = "/localhost_53997"
		Release.AspNetCompiler.PhysicalPath = "Clients\PowerBIVisualsTests\"
		Release.AspNetCompiler.TargetPath = "PrecompiledWeb\localhost_53997\"
		Release.AspNetCompiler.Updateable = "true"
		Release.AspNetCompiler.ForceOverwrite = "true"
		Release.AspNetCompiler.FixedNames = "false"
		Release.AspNetCompiler.Debug = "False"
		VWDPort = "53997"
		SlnRelativePath = "Clients\PowerBIVisualsTests\"
		StartServerOnDebug = "false"
	EndProjectSection
EndProject
Project("{E24C65DC-7377-472B-9ABA-BC803B73C61A}") = "StyleLibrary", "Clients\StyleLibrary\", "{1FBD1AB4-DB77-46E3-8E32-79C46F66D478}"
	ProjectSection(WebsiteProperties) = preProject
		TargetFrameworkMoniker = ".NETFramework,Version%3Dv4.0"
		Debug.AspNetCompiler.VirtualPath = "/localhost_54000"
		Debug.AspNetCompiler.PhysicalPath = "Clients\StyleLibrary\"
		Debug.AspNetCompiler.TargetPath = "PrecompiledWeb\localhost_54000\"
		Debug.AspNetCompiler.Updateable = "true"
		Debug.AspNetCompiler.ForceOverwrite = "true"
		Debug.AspNetCompiler.FixedNames = "false"
		Debug.AspNetCompiler.Debug = "True"
		Release.AspNetCompiler.VirtualPath = "/localhost_54000"
		Release.AspNetCompiler.PhysicalPath = "Clients\StyleLibrary\"
		Release.AspNetCompiler.TargetPath = "PrecompiledWeb\localhost_54000\"
		Release.AspNetCompiler.Updateable = "true"
		Release.AspNetCompiler.ForceOverwrite = "true"
		Release.AspNetCompiler.FixedNames = "false"
		Release.AspNetCompiler.Debug = "False"
		VWDPort = "54000"
		SlnRelativePath = "Clients\StyleLibrary\"
		StartServerOnDebug = "false"
	EndProjectSection
EndProject
Project("{E24C65DC-7377-472B-9ABA-BC803B73C61A}") = "Visuals", "Clients\Visuals\", "{BB2880A5-A4DB-44F4-9AE0-D055FAEC85F9}"
	ProjectSection(WebsiteProperties) = preProject
		TargetFrameworkMoniker = ".NETFramework,Version%3Dv4.0"
		Debug.AspNetCompiler.VirtualPath = "/localhost_54247"
		Debug.AspNetCompiler.PhysicalPath = "Clients\Visuals\"
		Debug.AspNetCompiler.TargetPath = "PrecompiledWeb\localhost_54247\"
		Debug.AspNetCompiler.Updateable = "true"
		Debug.AspNetCompiler.ForceOverwrite = "true"
		Debug.AspNetCompiler.FixedNames = "false"
		Debug.AspNetCompiler.Debug = "True"
		Release.AspNetCompiler.VirtualPath = "/localhost_54247"
		Release.AspNetCompiler.PhysicalPath = "Clients\Visuals\"
		Release.AspNetCompiler.TargetPath = "PrecompiledWeb\localhost_54247\"
		Release.AspNetCompiler.Updateable = "true"
		Release.AspNetCompiler.ForceOverwrite = "true"
		Release.AspNetCompiler.FixedNames = "false"
		Release.AspNetCompiler.Debug = "False"
		VWDPort = "54247"
		SlnRelativePath = "Clients\Visuals\"
		StartServerOnDebug = "false"
	EndProjectSection
EndProject
Project("{E24C65DC-7377-472B-9ABA-BC803B73C61A}") = "VisualsCommon", "Clients\VisualsCommon\", "{D44FE89A-9E3F-4547-9D31-19E401F78060}"
	ProjectSection(WebsiteProperties) = preProject
		TargetFrameworkMoniker = ".NETFramework,Version%3Dv4.0"
		Debug.AspNetCompiler.VirtualPath = "/localhost_54256"
		Debug.AspNetCompiler.PhysicalPath = "Clients\VisualsCommon\"
		Debug.AspNetCompiler.TargetPath = "PrecompiledWeb\localhost_54256\"
		Debug.AspNetCompiler.Updateable = "true"
		Debug.AspNetCompiler.ForceOverwrite = "true"
		Debug.AspNetCompiler.FixedNames = "false"
		Debug.AspNetCompiler.Debug = "True"
		Release.AspNetCompiler.VirtualPath = "/localhost_54256"
		Release.AspNetCompiler.PhysicalPath = "Clients\VisualsCommon\"
		Release.AspNetCompiler.TargetPath = "PrecompiledWeb\localhost_54256\"
		Release.AspNetCompiler.Updateable = "true"
		Release.AspNetCompiler.ForceOverwrite = "true"
		Release.AspNetCompiler.FixedNames = "false"
		Release.AspNetCompiler.Debug = "False"
		VWDPort = "54256"
		SlnRelativePath = "Clients\VisualsCommon\"
		StartServerOnDebug = "false"
	EndProjectSection
EndProject
Project("{E24C65DC-7377-472B-9ABA-BC803B73C61A}") = "VisualsData", "Clients\VisualsData\", "{719FDC61-8053-4E11-B674-1FA20F0F27FA}"
	ProjectSection(WebsiteProperties) = preProject
		TargetFrameworkMoniker = ".NETFramework,Version%3Dv4.0"
		Debug.AspNetCompiler.VirtualPath = "/localhost_54257"
		Debug.AspNetCompiler.PhysicalPath = "Clients\VisualsData\"
		Debug.AspNetCompiler.TargetPath = "PrecompiledWeb\localhost_54257\"
		Debug.AspNetCompiler.Updateable = "true"
		Debug.AspNetCompiler.ForceOverwrite = "true"
		Debug.AspNetCompiler.FixedNames = "false"
		Debug.AspNetCompiler.Debug = "True"
		Release.AspNetCompiler.VirtualPath = "/localhost_54257"
		Release.AspNetCompiler.PhysicalPath = "Clients\VisualsData\"
		Release.AspNetCompiler.TargetPath = "PrecompiledWeb\localhost_54257\"
		Release.AspNetCompiler.Updateable = "true"
		Release.AspNetCompiler.ForceOverwrite = "true"
		Release.AspNetCompiler.FixedNames = "false"
		Release.AspNetCompiler.Debug = "False"
		VWDPort = "54257"
		SlnRelativePath = "Clients\VisualsData\"
		StartServerOnDebug = "false"
	EndProjectSection
EndProject
Project("{E24C65DC-7377-472B-9ABA-BC803B73C61A}") = "VisualsContracts", "Clients\VisualsContracts\", "{30806668-54FB-47C7-AA11-47E92AB9D2BE}"
	ProjectSection(WebsiteProperties) = preProject
		TargetFrameworkMoniker = ".NETFramework,Version%3Dv4.0"
		Debug.AspNetCompiler.VirtualPath = "/localhost_32293"
		Debug.AspNetCompiler.PhysicalPath = "Clients\VisualsContracts\"
		Debug.AspNetCompiler.TargetPath = "PrecompiledWeb\localhost_32293\"
		Debug.AspNetCompiler.Updateable = "true"
		Debug.AspNetCompiler.ForceOverwrite = "true"
		Debug.AspNetCompiler.FixedNames = "false"
		Debug.AspNetCompiler.Debug = "True"
		Release.AspNetCompiler.VirtualPath = "/localhost_32293"
		Release.AspNetCompiler.PhysicalPath = "Clients\VisualsContracts\"
		Release.AspNetCompiler.TargetPath = "PrecompiledWeb\localhost_32293\"
		Release.AspNetCompiler.Updateable = "true"
		Release.AspNetCompiler.ForceOverwrite = "true"
		Release.AspNetCompiler.FixedNames = "false"
		Release.AspNetCompiler.Debug = "False"
		VWDPort = "32293"
		SlnRelativePath = "Clients\VisualsContracts\"
		StartServerOnDebug = "false"
	EndProjectSection
EndProject
Project("{E24C65DC-7377-472B-9ABA-BC803B73C61A}") = "PowerBIVisualsPlayground", "Clients\PowerBIVisualsPlayground\", "{03EDB1F6-1D78-4F1C-BC80-7167B4F961EB}"
	ProjectSection(WebsiteProperties) = preProject
		TargetFrameworkMoniker = ".NETFramework,Version%3Dv4.0"
		Debug.AspNetCompiler.VirtualPath = "/localhost_50146"
		Debug.AspNetCompiler.PhysicalPath = "Clients\PowerBIVisualsPlayground\"
		Debug.AspNetCompiler.TargetPath = "PrecompiledWeb\localhost_50146\"
		Debug.AspNetCompiler.Updateable = "true"
		Debug.AspNetCompiler.ForceOverwrite = "true"
		Debug.AspNetCompiler.FixedNames = "false"
		Debug.AspNetCompiler.Debug = "True"
		Release.AspNetCompiler.VirtualPath = "/localhost_50146"
		Release.AspNetCompiler.PhysicalPath = "Clients\PowerBIVisualsPlayground\"
		Release.AspNetCompiler.TargetPath = "PrecompiledWeb\localhost_50146\"
		Release.AspNetCompiler.Updateable = "true"
		Release.AspNetCompiler.ForceOverwrite = "true"
		Release.AspNetCompiler.FixedNames = "false"
		Release.AspNetCompiler.Debug = "False"
		VWDPort = "50146"
		SlnRelativePath = "Clients\PowerBIVisualsPlayground\"
	EndProjectSection
EndProject
Project("{E24C65DC-7377-472B-9ABA-BC803B73C61A}") = "CustomVisuals", "Clients\CustomVisuals\", "{F8C34CEF-BE01-4D7E-B833-7B40D22919A1}"
	ProjectSection(WebsiteProperties) = preProject
		TargetFrameworkMoniker = ".NETFramework,Version%3Dv4.0"
		Debug.AspNetCompiler.VirtualPath = "/localhost_62497"
		Debug.AspNetCompiler.PhysicalPath = "Clients\CustomVisuals\"
		Debug.AspNetCompiler.TargetPath = "PrecompiledWeb\localhost_62497\"
		Debug.AspNetCompiler.Updateable = "true"
		Debug.AspNetCompiler.ForceOverwrite = "true"
		Debug.AspNetCompiler.FixedNames = "false"
		Debug.AspNetCompiler.Debug = "True"
		Release.AspNetCompiler.VirtualPath = "/localhost_62497"
		Release.AspNetCompiler.PhysicalPath = "Clients\CustomVisuals\"
		Release.AspNetCompiler.TargetPath = "PrecompiledWeb\localhost_62497\"
		Release.AspNetCompiler.Updateable = "true"
		Release.AspNetCompiler.ForceOverwrite = "true"
		Release.AspNetCompiler.FixedNames = "false"
		Release.AspNetCompiler.Debug = "False"
		VWDPort = "62497"
		SlnRelativePath = "Clients\CustomVisuals\"
	EndProjectSection
EndProject
Project("{E24C65DC-7377-472B-9ABA-BC803B73C61A}") = "VisualsExtensibility", "Clients\VisualsExtensibility\", "{35466DB2-AEC7-4BB5-B06E-10012DE63812}"
	ProjectSection(WebsiteProperties) = preProject
		TargetFrameworkMoniker = ".NETFramework,Version%3Dv4.0"
		Debug.AspNetCompiler.VirtualPath = "/localhost_2262"
		Debug.AspNetCompiler.PhysicalPath = "Clients\VisualsExtensibility\"
		Debug.AspNetCompiler.TargetPath = "PrecompiledWeb\localhost_2262\"
		Debug.AspNetCompiler.Updateable = "true"
		Debug.AspNetCompiler.ForceOverwrite = "true"
		Debug.AspNetCompiler.FixedNames = "false"
		Debug.AspNetCompiler.Debug = "True"
		Release.AspNetCompiler.VirtualPath = "/localhost_2262"
		Release.AspNetCompiler.PhysicalPath = "Clients\VisualsExtensibility\"
		Release.AspNetCompiler.TargetPath = "PrecompiledWeb\localhost_2262\"
		Release.AspNetCompiler.Updateable = "true"
		Release.AspNetCompiler.ForceOverwrite = "true"
		Release.AspNetCompiler.FixedNames = "false"
		Release.AspNetCompiler.Debug = "False"
		VWDPort = "2262"
		SlnRelativePath = "Clients\VisualsExtensibility\"
	EndProjectSection
EndProject
Global
	GlobalSection(SolutionConfigurationPlatforms) = preSolution
		Debug|Any CPU = Debug|Any CPU
		Release|Any CPU = Release|Any CPU
	EndGlobalSection
	GlobalSection(ProjectConfigurationPlatforms) = postSolution
		{128051AF-7A0C-45B1-90CF-D576FB369ADF}.Debug|Any CPU.ActiveCfg = Debug|Any CPU
		{128051AF-7A0C-45B1-90CF-D576FB369ADF}.Release|Any CPU.ActiveCfg = Debug|Any CPU
		{128051AF-7A0C-45B1-90CF-D576FB369ADF}.Release|Any CPU.Build.0 = Debug|Any CPU
		{490084C9-7E2A-457B-B888-37E4740834A3}.Debug|Any CPU.ActiveCfg = Debug|Any CPU
		{490084C9-7E2A-457B-B888-37E4740834A3}.Release|Any CPU.ActiveCfg = Debug|Any CPU
		{490084C9-7E2A-457B-B888-37E4740834A3}.Release|Any CPU.Build.0 = Debug|Any CPU
		{1FBD1AB4-DB77-46E3-8E32-79C46F66D478}.Debug|Any CPU.ActiveCfg = Debug|Any CPU
		{1FBD1AB4-DB77-46E3-8E32-79C46F66D478}.Release|Any CPU.ActiveCfg = Debug|Any CPU
		{1FBD1AB4-DB77-46E3-8E32-79C46F66D478}.Release|Any CPU.Build.0 = Debug|Any CPU
		{BB2880A5-A4DB-44F4-9AE0-D055FAEC85F9}.Debug|Any CPU.ActiveCfg = Debug|Any CPU
		{BB2880A5-A4DB-44F4-9AE0-D055FAEC85F9}.Release|Any CPU.ActiveCfg = Debug|Any CPU
		{BB2880A5-A4DB-44F4-9AE0-D055FAEC85F9}.Release|Any CPU.Build.0 = Debug|Any CPU
		{D44FE89A-9E3F-4547-9D31-19E401F78060}.Debug|Any CPU.ActiveCfg = Debug|Any CPU
		{D44FE89A-9E3F-4547-9D31-19E401F78060}.Release|Any CPU.ActiveCfg = Debug|Any CPU
		{D44FE89A-9E3F-4547-9D31-19E401F78060}.Release|Any CPU.Build.0 = Debug|Any CPU
		{719FDC61-8053-4E11-B674-1FA20F0F27FA}.Debug|Any CPU.ActiveCfg = Debug|Any CPU
		{719FDC61-8053-4E11-B674-1FA20F0F27FA}.Release|Any CPU.ActiveCfg = Debug|Any CPU
		{719FDC61-8053-4E11-B674-1FA20F0F27FA}.Release|Any CPU.Build.0 = Debug|Any CPU
		{30806668-54FB-47C7-AA11-47E92AB9D2BE}.Debug|Any CPU.ActiveCfg = Debug|Any CPU
		{30806668-54FB-47C7-AA11-47E92AB9D2BE}.Release|Any CPU.ActiveCfg = Debug|Any CPU
		{30806668-54FB-47C7-AA11-47E92AB9D2BE}.Release|Any CPU.Build.0 = Debug|Any CPU
		{03EDB1F6-1D78-4F1C-BC80-7167B4F961EB}.Debug|Any CPU.ActiveCfg = Debug|Any CPU
		{03EDB1F6-1D78-4F1C-BC80-7167B4F961EB}.Debug|Any CPU.Build.0 = Debug|Any CPU
		{03EDB1F6-1D78-4F1C-BC80-7167B4F961EB}.Release|Any CPU.ActiveCfg = Debug|Any CPU
		{03EDB1F6-1D78-4F1C-BC80-7167B4F961EB}.Release|Any CPU.Build.0 = Debug|Any CPU
		{F8C34CEF-BE01-4D7E-B833-7B40D22919A1}.Debug|Any CPU.ActiveCfg = Debug|Any CPU
		{F8C34CEF-BE01-4D7E-B833-7B40D22919A1}.Debug|Any CPU.Build.0 = Debug|Any CPU
		{F8C34CEF-BE01-4D7E-B833-7B40D22919A1}.Release|Any CPU.ActiveCfg = Debug|Any CPU
		{F8C34CEF-BE01-4D7E-B833-7B40D22919A1}.Release|Any CPU.Build.0 = Debug|Any CPU
		{35466DB2-AEC7-4BB5-B06E-10012DE63812}.Debug|Any CPU.ActiveCfg = Debug|Any CPU
		{35466DB2-AEC7-4BB5-B06E-10012DE63812}.Debug|Any CPU.Build.0 = Debug|Any CPU
		{35466DB2-AEC7-4BB5-B06E-10012DE63812}.Release|Any CPU.ActiveCfg = Debug|Any CPU
		{35466DB2-AEC7-4BB5-B06E-10012DE63812}.Release|Any CPU.Build.0 = Debug|Any CPU
	EndGlobalSection
	GlobalSection(SolutionProperties) = preSolution
		HideSolutionNode = FALSE
	EndGlobalSection
EndGlobal
